
Microsoft Visual Studio Solution File, Format Version 12.00
# Visual Studio Version 17
VisualStudioVersion = 17.12.35527.113
MinimumVisualStudioVersion = 10.0.40219.1
Project("{FAE04EC0-301F-11D3-BF4B-00C04F79EFBC}") = "LoadAssemblies.NCAD", "LoadAssemblies.NCAD\LoadAssemblies.NCAD.csproj", "{330FCD28-4EA9-48AD-9FB3-68A2C45066CD}"
EndProject
Project("{FAE04EC0-301F-11D3-BF4B-00C04F79EFBC}") = "LoadAssemblies.ACAD", "LoadAssemblies.ACAD\LoadAssemblies.ACAD.csproj", "{1DC6F416-0DAB-4B92-ACDE-A4A435946E43}"
EndProject
Project("{FAE04EC0-301F-11D3-BF4B-00C04F79EFBC}") = "LoadAssemblies.Views", "LoadAssemblies.Views\LoadAssemblies.Views.csproj", "{D67FFE3A-5D78-44FB-BDEF-2E814AA2556A}"
EndProject
Global
	GlobalSection(SolutionConfigurationPlatforms) = preSolution
		Debug|Any CPU = Debug|Any CPU
		Release|Any CPU = Release|Any CPU
	EndGlobalSection
	GlobalSection(ProjectConfigurationPlatforms) = postSolution
		{330FCD28-4EA9-48AD-9FB3-68A2C45066CD}.Debug|Any CPU.ActiveCfg = Debug|Any CPU
		{330FCD28-4EA9-48AD-9FB3-68A2C45066CD}.Debug|Any CPU.Build.0 = Debug|Any CPU
		{330FCD28-4EA9-48AD-9FB3-68A2C45066CD}.Release|Any CPU.ActiveCfg = Release|Any CPU
		{330FCD28-4EA9-48AD-9FB3-68A2C45066CD}.Release|Any CPU.Build.0 = Release|Any CPU
		{1DC6F416-0DAB-4B92-ACDE-A4A435946E43}.Debug|Any CPU.ActiveCfg = Debug|Any CPU
		{1DC6F416-0DAB-4B92-ACDE-A4A435946E43}.Debug|Any CPU.Build.0 = Debug|Any CPU
		{1DC6F416-0DAB-4B92-ACDE-A4A435946E43}.Release|Any CPU.ActiveCfg = Release|Any CPU
		{1DC6F416-0DAB-4B92-ACDE-A4A435946E43}.Release|Any CPU.Build.0 = Release|Any CPU
		{D67FFE3A-5D78-44FB-BDEF-2E814AA2556A}.Debug|Any CPU.ActiveCfg = Debug|Any CPU
		{D67FFE3A-5D78-44FB-BDEF-2E814AA2556A}.Debug|Any CPU.Build.0 = Debug|Any CPU
		{D67FFE3A-5D78-44FB-BDEF-2E814AA2556A}.Release|Any CPU.ActiveCfg = Release|Any CPU
		{D67FFE3A-5D78-44FB-BDEF-2E814AA2556A}.Release|Any CPU.Build.0 = Release|Any CPU
	EndGlobalSection
	GlobalSection(SolutionProperties) = preSolution
		HideSolutionNode = FALSE
	EndGlobalSection
	GlobalSection(ExtensibilityGlobals) = postSolution
		SolutionGuid = {D0E38339-2DDC-44A5-976A-D1899B5C0B60}
	EndGlobalSection
EndGlobal
